# This file was autogenerated by Stack.
# You should not edit this file by hand.
# For more information, please see the documentation at:
#   https://docs.haskellstack.org/en/stable/lock_files

packages:
- completed:
    hackage: PSQueue-1.1.0.1@sha256:498cd3d55e4644afbeaeb4d1df63392cd95826991465099395abb7d0c3ce3e58,1318
    pantry-tree:
      size: 214
      sha256: 20f22262b113ba31601dcdd2c29315f70365ab298f1ddb3a6fb2c6d8cfb07b2a
  original:
    hackage: PSQueue-1.1.0.1@sha256:498cd3d55e4644afbeaeb4d1df63392cd95826991465099395abb7d0c3ce3e58,1318
- completed:
    hackage: astar-0.3.0.0@sha256:8bf6350542e9db9451490e8993560ee843dc48a61d46a206985430f9b62461c8,967
    pantry-tree:
      size: 213
      sha256: c4176cc3fc9ad39f2a9fc7eb4346c87b6e60b70ba23d8e2adbdfc81fe544b808
  original:
    hackage: astar-0.3.0.0@sha256:8bf6350542e9db9451490e8993560ee843dc48a61d46a206985430f9b62461c8,967
snapshots:
- completed:
    size: 563100
    url: https://raw.githubusercontent.com/commercialhaskell/stackage-snapshots/master/lts/17/0.yaml
    sha256: e93a85871577ea3423d5f3454b2b6bd37c2c2123c79faf511dfb64f5b49a9f8b
  original:
    url: https://raw.githubusercontent.com/commercialhaskell/stackage-snapshots/master/lts/17/0.yaml
